
Microsoft Visual Studio Solution File, Format Version 12.00
# Visual Studio 15
Project("{FAE04EC0-301F-11D3-BF4B-00C04F79EFBC}") = "Assembly-CSharp-Editor", "Assembly-CSharp-Editor.csproj", "{9C8B37A4-5628-FF4C-4306-83B7BC202E88}"
EndProject
Project("{FAE04EC0-301F-11D3-BF4B-00C04F79EFBC}") = "Assembly-CSharp", "Assembly-CSharp.csproj", "{A36EEB03-0193-AFC9-461C-56CD0B60E40A}"
EndProject
Project("{FAE04EC0-301F-11D3-BF4B-00C04F79EFBC}") = "Assembly-CSharp-Editor-firstpass", "Assembly-CSharp-Editor-firstpass.csproj", "{9633DB91-32DD-B701-E909-031D59B19B70}"
EndProject
Global
	GlobalSection(SolutionConfigurationPlatforms) = preSolution
		Debug|Any CPU = Debug|Any CPU
		Release|Any CPU = Release|Any CPU
	EndGlobalSection
	GlobalSection(ProjectConfigurationPlatforms) = postSolution
		{9C8B37A4-5628-FF4C-4306-83B7BC202E88}.Debug|Any CPU.ActiveCfg = Debug|Any CPU
		{9C8B37A4-5628-FF4C-4306-83B7BC202E88}.Debug|Any CPU.Build.0 = Debug|Any CPU
		{9C8B37A4-5628-FF4C-4306-83B7BC202E88}.Release|Any CPU.ActiveCfg = Release|Any CPU
		{9C8B37A4-5628-FF4C-4306-83B7BC202E88}.Release|Any CPU.Build.0 = Release|Any CPU
		{A36EEB03-0193-AFC9-461C-56CD0B60E40A}.Debug|Any CPU.ActiveCfg = Debug|Any CPU
		{A36EEB03-0193-AFC9-461C-56CD0B60E40A}.Debug|Any CPU.Build.0 = Debug|Any CPU
		{A36EEB03-0193-AFC9-461C-56CD0B60E40A}.Release|Any CPU.ActiveCfg = Release|Any CPU
		{A36EEB03-0193-AFC9-461C-56CD0B60E40A}.Release|Any CPU.Build.0 = Release|Any CPU
		{9633DB91-32DD-B701-E909-031D59B19B70}.Debug|Any CPU.ActiveCfg = Debug|Any CPU
		{9633DB91-32DD-B701-E909-031D59B19B70}.Debug|Any CPU.Build.0 = Debug|Any CPU
		{9633DB91-32DD-B701-E909-031D59B19B70}.Release|Any CPU.ActiveCfg = Release|Any CPU
		{9633DB91-32DD-B701-E909-031D59B19B70}.Release|Any CPU.Build.0 = Release|Any CPU
	EndGlobalSection
	GlobalSection(SolutionProperties) = preSolution
		HideSolutionNode = FALSE
	EndGlobalSection
EndGlobal
